
Microsoft Visual Studio Solution File, Format Version 12.00
# Visual Studio Version 16
VisualStudioVersion = 16.0.30114.105
MinimumVisualStudioVersion = 10.0.40219.1
Project("{2150E333-8FDC-42A3-9474-1A3956D46DE8}") = "src", "src", "{08CA6056-BBBD-4C4E-AA6B-06C0D1F3E6B8}"
EndProject
Project("{FAE04EC0-301F-11D3-BF4B-00C04F79EFBC}") = "Shorten.API", "src\Shorten.API\Shorten.API.csproj", "{51EEE1A6-95D4-4217-B74C-A8CF9B19A598}"
EndProject
Global
	GlobalSection(SolutionConfigurationPlatforms) = preSolution
		Debug|Any CPU = Debug|Any CPU
		Release|Any CPU = Release|Any CPU
	EndGlobalSection
	GlobalSection(SolutionProperties) = preSolution
		HideSolutionNode = FALSE
	EndGlobalSection
	GlobalSection(ProjectConfigurationPlatforms) = postSolution
		{51EEE1A6-95D4-4217-B74C-A8CF9B19A598}.Debug|Any CPU.ActiveCfg = Debug|Any CPU
		{51EEE1A6-95D4-4217-B74C-A8CF9B19A598}.Debug|Any CPU.Build.0 = Debug|Any CPU
		{51EEE1A6-95D4-4217-B74C-A8CF9B19A598}.Release|Any CPU.ActiveCfg = Release|Any CPU
		{51EEE1A6-95D4-4217-B74C-A8CF9B19A598}.Release|Any CPU.Build.0 = Release|Any CPU
	EndGlobalSection
	GlobalSection(NestedProjects) = preSolution
		{51EEE1A6-95D4-4217-B74C-A8CF9B19A598} = {08CA6056-BBBD-4C4E-AA6B-06C0D1F3E6B8}
	EndGlobalSection
EndGlobal
